
Microsoft Visual Studio Solution File, Format Version 12.00
# Visual Studio 14
VisualStudioVersion = 14.0.25420.1
MinimumVisualStudioVersion = 10.0.40219.1
Project("{B1E792BE-AA5F-4E3C-8C82-674BF9C0715B}") = "TwinCAT Project1", "TwinCAT Project1\TwinCAT Project1.tsproj", "{A8FAFE48-F74B-436F-AAA2-EC95700E12CB}"
EndProject
Global
	GlobalSection(SolutionConfigurationPlatforms) = preSolution
		Debug|TwinCAT CE7 (ARMV7) = Debug|TwinCAT CE7 (ARMV7)
		Debug|TwinCAT RT (x64) = Debug|TwinCAT RT (x64)
		Debug|TwinCAT RT (x86) = Debug|TwinCAT RT (x86)
		Debug|TwinCAT UM (x64) = Debug|TwinCAT UM (x64)
		Debug|TwinCAT UM (x86) = Debug|TwinCAT UM (x86)
		Release|TwinCAT CE7 (ARMV7) = Release|TwinCAT CE7 (ARMV7)
		Release|TwinCAT RT (x64) = Release|TwinCAT RT (x64)
		Release|TwinCAT RT (x86) = Release|TwinCAT RT (x86)
		Release|TwinCAT UM (x64) = Release|TwinCAT UM (x64)
		Release|TwinCAT UM (x86) = Release|TwinCAT UM (x86)
	EndGlobalSection
	GlobalSection(ProjectConfigurationPlatforms) = postSolution
		{A8FAFE48-F74B-436F-AAA2-EC95700E12CB}.Debug|TwinCAT CE7 (ARMV7).ActiveCfg = Debug|TwinCAT CE7 (ARMV7)
		{A8FAFE48-F74B-436F-AAA2-EC95700E12CB}.Debug|TwinCAT CE7 (ARMV7).Build.0 = Debug|TwinCAT CE7 (ARMV7)
		{A8FAFE48-F74B-436F-AAA2-EC95700E12CB}.Debug|TwinCAT RT (x64).ActiveCfg = Debug|TwinCAT RT (x64)
		{A8FAFE48-F74B-436F-AAA2-EC95700E12CB}.Debug|TwinCAT RT (x64).Build.0 = Debug|TwinCAT RT (x64)
		{A8FAFE48-F74B-436F-AAA2-EC95700E12CB}.Debug|TwinCAT RT (x86).ActiveCfg = Debug|TwinCAT RT (x86)
		{A8FAFE48-F74B-436F-AAA2-EC95700E12CB}.Debug|TwinCAT RT (x86).Build.0 = Debug|TwinCAT RT (x86)
		{A8FAFE48-F74B-436F-AAA2-EC95700E12CB}.Debug|TwinCAT UM (x64).ActiveCfg = Debug|TwinCAT RT (x86)
		{A8FAFE48-F74B-436F-AAA2-EC95700E12CB}.Debug|TwinCAT UM (x86).ActiveCfg = Debug|TwinCAT RT (x86)
		{A8FAFE48-F74B-436F-AAA2-EC95700E12CB}.Release|TwinCAT CE7 (ARMV7).ActiveCfg = Release|TwinCAT CE7 (ARMV7)
		{A8FAFE48-F74B-436F-AAA2-EC95700E12CB}.Release|TwinCAT CE7 (ARMV7).Build.0 = Release|TwinCAT CE7 (ARMV7)
		{A8FAFE48-F74B-436F-AAA2-EC95700E12CB}.Release|TwinCAT RT (x64).ActiveCfg = Release|TwinCAT RT (x64)
		{A8FAFE48-F74B-436F-AAA2-EC95700E12CB}.Release|TwinCAT RT (x64).Build.0 = Release|TwinCAT RT (x64)
		{A8FAFE48-F74B-436F-AAA2-EC95700E12CB}.Release|TwinCAT RT (x86).ActiveCfg = Release|TwinCAT RT (x86)
		{A8FAFE48-F74B-436F-AAA2-EC95700E12CB}.Release|TwinCAT RT (x86).Build.0 = Release|TwinCAT RT (x86)
		{A8FAFE48-F74B-436F-AAA2-EC95700E12CB}.Release|TwinCAT UM (x64).ActiveCfg = Release|TwinCAT RT (x86)
		{A8FAFE48-F74B-436F-AAA2-EC95700E12CB}.Release|TwinCAT UM (x86).ActiveCfg = Release|TwinCAT RT (x86)
		{1231BC30-D60F-4CB9-A7E6-EB572519A516}.Debug|TwinCAT CE7 (ARMV7).ActiveCfg = Debug|TwinCAT CE7 (ARMV7)
		{1231BC30-D60F-4CB9-A7E6-EB572519A516}.Debug|TwinCAT CE7 (ARMV7).Build.0 = Debug|TwinCAT CE7 (ARMV7)
		{1231BC30-D60F-4CB9-A7E6-EB572519A516}.Debug|TwinCAT RT (x64).ActiveCfg = Debug|TwinCAT RT (x64)
		{1231BC30-D60F-4CB9-A7E6-EB572519A516}.Debug|TwinCAT RT (x64).Build.0 = Debug|TwinCAT RT (x64)
		{1231BC30-D60F-4CB9-A7E6-EB572519A516}.Debug|TwinCAT RT (x86).ActiveCfg = Debug|TwinCAT RT (x86)
		{1231BC30-D60F-4CB9-A7E6-EB572519A516}.Debug|TwinCAT RT (x86).Build.0 = Debug|TwinCAT RT (x86)
		{1231BC30-D60F-4CB9-A7E6-EB572519A516}.Debug|TwinCAT UM (x64).ActiveCfg = Debug|TwinCAT RT (x86)
		{1231BC30-D60F-4CB9-A7E6-EB572519A516}.Debug|TwinCAT UM (x86).ActiveCfg = Debug|TwinCAT RT (x86)
		{1231BC30-D60F-4CB9-A7E6-EB572519A516}.Release|TwinCAT CE7 (ARMV7).ActiveCfg = Release|TwinCAT CE7 (ARMV7)
		{1231BC30-D60F-4CB9-A7E6-EB572519A516}.Release|TwinCAT CE7 (ARMV7).Build.0 = Release|TwinCAT CE7 (ARMV7)
		{1231BC30-D60F-4CB9-A7E6-EB572519A516}.Release|TwinCAT RT (x64).ActiveCfg = Release|TwinCAT RT (x64)
		{1231BC30-D60F-4CB9-A7E6-EB572519A516}.Release|TwinCAT RT (x64).Build.0 = Release|TwinCAT RT (x64)
		{1231BC30-D60F-4CB9-A7E6-EB572519A516}.Release|TwinCAT RT (x86).ActiveCfg = Release|TwinCAT RT (x86)
		{1231BC30-D60F-4CB9-A7E6-EB572519A516}.Release|TwinCAT RT (x86).Build.0 = Release|TwinCAT RT (x86)
		{1231BC30-D60F-4CB9-A7E6-EB572519A516}.Release|TwinCAT UM (x64).ActiveCfg = Release|TwinCAT RT (x86)
		{1231BC30-D60F-4CB9-A7E6-EB572519A516}.Release|TwinCAT UM (x86).ActiveCfg = Release|TwinCAT RT (x86)
		{4CD5D2CA-CD1A-4B72-A0E1-E7BD283AAF0A}.Debug|TwinCAT CE7 (ARMV7).ActiveCfg = Debug|TwinCAT RT (x64)
		{4CD5D2CA-CD1A-4B72-A0E1-E7BD283AAF0A}.Debug|TwinCAT RT (x64).ActiveCfg = Debug|TwinCAT RT (x64)
		{4CD5D2CA-CD1A-4B72-A0E1-E7BD283AAF0A}.Debug|TwinCAT RT (x64).Build.0 = Debug|TwinCAT RT (x64)
		{4CD5D2CA-CD1A-4B72-A0E1-E7BD283AAF0A}.Debug|TwinCAT RT (x86).ActiveCfg = Debug|TwinCAT RT (x86)
		{4CD5D2CA-CD1A-4B72-A0E1-E7BD283AAF0A}.Debug|TwinCAT RT (x86).Build.0 = Debug|TwinCAT RT (x86)
		{4CD5D2CA-CD1A-4B72-A0E1-E7BD283AAF0A}.Debug|TwinCAT UM (x64).ActiveCfg = Debug|TwinCAT UM (x64)
		{4CD5D2CA-CD1A-4B72-A0E1-E7BD283AAF0A}.Debug|TwinCAT UM (x64).Build.0 = Debug|TwinCAT UM (x64)
		{4CD5D2CA-CD1A-4B72-A0E1-E7BD283AAF0A}.Debug|TwinCAT UM (x86).ActiveCfg = Debug|TwinCAT UM (x86)
		{4CD5D2CA-CD1A-4B72-A0E1-E7BD283AAF0A}.Debug|TwinCAT UM (x86).Build.0 = Debug|TwinCAT UM (x86)
		{4CD5D2CA-CD1A-4B72-A0E1-E7BD283AAF0A}.Release|TwinCAT CE7 (ARMV7).ActiveCfg = Release|TwinCAT RT (x64)
		{4CD5D2CA-CD1A-4B72-A0E1-E7BD283AAF0A}.Release|TwinCAT RT (x64).ActiveCfg = Release|TwinCAT RT (x64)
		{4CD5D2CA-CD1A-4B72-A0E1-E7BD283AAF0A}.Release|TwinCAT RT (x64).Build.0 = Release|TwinCAT RT (x64)
		{4CD5D2CA-CD1A-4B72-A0E1-E7BD283AAF0A}.Release|TwinCAT RT (x86).ActiveCfg = Release|TwinCAT RT (x86)
		{4CD5D2CA-CD1A-4B72-A0E1-E7BD283AAF0A}.Release|TwinCAT RT (x86).Build.0 = Release|TwinCAT RT (x86)
		{4CD5D2CA-CD1A-4B72-A0E1-E7BD283AAF0A}.Release|TwinCAT UM (x64).ActiveCfg = Release|TwinCAT UM (x64)
		{4CD5D2CA-CD1A-4B72-A0E1-E7BD283AAF0A}.Release|TwinCAT UM (x64).Build.0 = Release|TwinCAT UM (x64)
		{4CD5D2CA-CD1A-4B72-A0E1-E7BD283AAF0A}.Release|TwinCAT UM (x86).ActiveCfg = Release|TwinCAT UM (x86)
		{4CD5D2CA-CD1A-4B72-A0E1-E7BD283AAF0A}.Release|TwinCAT UM (x86).Build.0 = Release|TwinCAT UM (x86)
	EndGlobalSection
	GlobalSection(SolutionProperties) = preSolution
		HideSolutionNode = FALSE
	EndGlobalSection
EndGlobal
